// !$*UTF8*$!
{
	archiveVersion = 1;
	classes = {
	};
	objectVersion = 50;
	objects = {

/* Begin PBXBuildFile section */
		12772EE2222AF14A004CA8AD /* AppDelegate.swift in Sources */ = {isa = PBXBuildFile; fileRef = 12772EE1222AF14A004CA8AD /* AppDelegate.swift */; };
		12772EE4222AF14A004CA8AD /* MainViewController.swift in Sources */ = {isa = PBXBuildFile; fileRef = 12772EE3222AF14A004CA8AD /* MainViewController.swift */; };
		12772EE7222AF14A004CA8AD /* Main.storyboard in Resources */ = {isa = PBXBuildFile; fileRef = 12772EE5222AF14A004CA8AD /* Main.storyboard */; };
		12772EE9222AF14B004CA8AD /* Assets.xcassets in Resources */ = {isa = PBXBuildFile; fileRef = 12772EE8222AF14B004CA8AD /* Assets.xcassets */; };
		12772EEC222AF14B004CA8AD /* LaunchScreen.storyboard in Resources */ = {isa = PBXBuildFile; fileRef = 12772EEA222AF14B004CA8AD /* LaunchScreen.storyboard */; };
		12772EF6222B08C0004CA8AD /* MenuViewController.swift in Sources */ = {isa = PBXBuildFile; fileRef = 12772EF5222B08C0004CA8AD /* MenuViewController.swift */; };
		12772EF8222B0E79004CA8AD /* SideMenu.swift in Sources */ = {isa = PBXBuildFile; fileRef = 12772EF7222B0E79004CA8AD /* SideMenu.swift */; };
		12772EFA222C1685004CA8AD /* UIButton.swift in Sources */ = {isa = PBXBuildFile; fileRef = 12772EF9222C1685004CA8AD /* UIButton.swift */; };
		12772F08222C3F07004CA8AD /* PopUpView.swift in Sources */ = {isa = PBXBuildFile; fileRef = 12772F07222C3F07004CA8AD /* PopUpView.swift */; };
		12772F0A222C3F1A004CA8AD /* PopUpView.xib in Resources */ = {isa = PBXBuildFile; fileRef = 12772F09222C3F1A004CA8AD /* PopUpView.xib */; };
		12772F0C222C4AF3004CA8AD /* UIView.swift in Sources */ = {isa = PBXBuildFile; fileRef = 12772F0B222C4AF3004CA8AD /* UIView.swift */; };
/* End PBXBuildFile section */

/* Begin PBXFileReference section */
		12772EDE222AF14A004CA8AD /* AutomotiveDSTest.app */ = {isa = PBXFileReference; explicitFileType = wrapper.application; includeInIndex = 0; path = AutomotiveDSTest.app; sourceTree = BUILT_PRODUCTS_DIR; };
		12772EE1222AF14A004CA8AD /* AppDelegate.swift */ = {isa = PBXFileReference; lastKnownFileType = sourcecode.swift; path = AppDelegate.swift; sourceTree = "<group>"; };
		12772EE3222AF14A004CA8AD /* MainViewController.swift */ = {isa = PBXFileReference; lastKnownFileType = sourcecode.swift; path = MainViewController.swift; sourceTree = "<group>"; };
		12772EE6222AF14A004CA8AD /* Base */ = {isa = PBXFileReference; lastKnownFileType = file.storyboard; name = Base; path = Base.lproj/Main.storyboard; sourceTree = "<group>"; };
		12772EE8222AF14B004CA8AD /* Assets.xcassets */ = {isa = PBXFileReference; lastKnownFileType = folder.assetcatalog; path = Assets.xcassets; sourceTree = "<group>"; };
		12772EEB222AF14B004CA8AD /* Base */ = {isa = PBXFileReference; lastKnownFileType = file.storyboard; name = Base; path = Base.lproj/LaunchScreen.storyboard; sourceTree = "<group>"; };
		12772EED222AF14B004CA8AD /* Info.plist */ = {isa = PBXFileReference; lastKnownFileType = text.plist.xml; path = Info.plist; sourceTree = "<group>"; };
		12772EF5222B08C0004CA8AD /* MenuViewController.swift */ = {isa = PBXFileReference; lastKnownFileType = sourcecode.swift; path = MenuViewController.swift; sourceTree = "<group>"; };
		12772EF7222B0E79004CA8AD /* SideMenu.swift */ = {isa = PBXFileReference; lastKnownFileType = sourcecode.swift; path = SideMenu.swift; sourceTree = "<group>"; };
		12772EF9222C1685004CA8AD /* UIButton.swift */ = {isa = PBXFileReference; lastKnownFileType = sourcecode.swift; path = UIButton.swift; sourceTree = "<group>"; };
		12772F07222C3F07004CA8AD /* PopUpView.swift */ = {isa = PBXFileReference; lastKnownFileType = sourcecode.swift; path = PopUpView.swift; sourceTree = "<group>"; };
		12772F09222C3F1A004CA8AD /* PopUpView.xib */ = {isa = PBXFileReference; lastKnownFileType = file.xib; path = PopUpView.xib; sourceTree = "<group>"; };
		12772F0B222C4AF3004CA8AD /* UIView.swift */ = {isa = PBXFileReference; lastKnownFileType = sourcecode.swift; path = UIView.swift; sourceTree = "<group>"; };
/* End PBXFileReference section */

/* Begin PBXFrameworksBuildPhase section */
		12772EDB222AF14A004CA8AD /* Frameworks */ = {
			isa = PBXFrameworksBuildPhase;
			buildActionMask = 2147483647;
			files = (
			);
			runOnlyForDeploymentPostprocessing = 0;
		};
/* End PBXFrameworksBuildPhase section */

/* Begin PBXGroup section */
		12772ED5222AF14A004CA8AD = {
			isa = PBXGroup;
			children = (
				12772EE0222AF14A004CA8AD /* AutomotiveDSTest */,
				12772EDF222AF14A004CA8AD /* Products */,
			);
			sourceTree = "<group>";
		};
		12772EDF222AF14A004CA8AD /* Products */ = {
			isa = PBXGroup;
			children = (
				12772EDE222AF14A004CA8AD /* AutomotiveDSTest.app */,
			);
			name = Products;
			sourceTree = "<group>";
		};
		12772EE0222AF14A004CA8AD /* AutomotiveDSTest */ = {
			isa = PBXGroup;
			children = (
				12772F01222C2C93004CA8AD /* Application Delegate */,
				12772EFC222C2C36004CA8AD /* View Controllers */,
				12772F02222C2CB0004CA8AD /* Views */,
				12772EFD222C2C47004CA8AD /* Side Menu */,
				12772EFB222C18CD004CA8AD /* Extensions */,
				12772EFE222C2C69004CA8AD /* Storyboards */,
				12772EFF222C2C73004CA8AD /* Resources */,
				12772EEA222AF14B004CA8AD /* LaunchScreen.storyboard */,
				12772EED222AF14B004CA8AD /* Info.plist */,
				12772F00222C2C79004CA8AD /* Supporting Files */,
			);
			path = AutomotiveDSTest;
			sourceTree = "<group>";
		};
		12772EFB222C18CD004CA8AD /* Extensions */ = {
			isa = PBXGroup;
			children = (
				12772EF9222C1685004CA8AD /* UIButton.swift */,
				12772F0B222C4AF3004CA8AD /* UIView.swift */,
			);
			path = Extensions;
			sourceTree = "<group>";
		};
		12772EFC222C2C36004CA8AD /* View Controllers */ = {
			isa = PBXGroup;
			children = (
				12772EE3222AF14A004CA8AD /* MainViewController.swift */,
				12772EF5222B08C0004CA8AD /* MenuViewController.swift */,
			);
			path = "View Controllers";
			sourceTree = "<group>";
		};
		12772EFD222C2C47004CA8AD /* Side Menu */ = {
			isa = PBXGroup;
			children = (
				12772EF7222B0E79004CA8AD /* SideMenu.swift */,
			);
			name = "Side Menu";
			sourceTree = "<group>";
		};
		12772EFE222C2C69004CA8AD /* Storyboards */ = {
			isa = PBXGroup;
			children = (
				12772EE5222AF14A004CA8AD /* Main.storyboard */,
			);
			path = Storyboards;
			sourceTree = "<group>";
		};
		12772EFF222C2C73004CA8AD /* Resources */ = {
			isa = PBXGroup;
			children = (
				12772EE8222AF14B004CA8AD /* Assets.xcassets */,
			);
			path = Resources;
			sourceTree = "<group>";
		};
		12772F00222C2C79004CA8AD /* Supporting Files */ = {
			isa = PBXGroup;
			children = (
			);
			path = "Supporting Files";
			sourceTree = "<group>";
		};
		12772F01222C2C93004CA8AD /* Application Delegate */ = {
			isa = PBXGroup;
			children = (
				12772EE1222AF14A004CA8AD /* AppDelegate.swift */,
			);
			path = "Application Delegate";
			sourceTree = "<group>";
		};
		12772F02222C2CB0004CA8AD /* Views */ = {
			isa = PBXGroup;
			children = (
				12772F07222C3F07004CA8AD /* PopUpView.swift */,
				12772F09222C3F1A004CA8AD /* PopUpView.xib */,
			);
			path = Views;
			sourceTree = "<group>";
		};
/* End PBXGroup section */

/* Begin PBXNativeTarget section */
		12772EDD222AF14A004CA8AD /* AutomotiveDSTest */ = {
			isa = PBXNativeTarget;
			buildConfigurationList = 12772EF0222AF14B004CA8AD /* Build configuration list for PBXNativeTarget "AutomotiveDSTest" */;
			buildPhases = (
				12772EDA222AF14A004CA8AD /* Sources */,
				12772EDB222AF14A004CA8AD /* Frameworks */,
				12772EDC222AF14A004CA8AD /* Resources */,
			);
			buildRules = (
			);
			dependencies = (
			);
			name = AutomotiveDSTest;
			productName = AutomotiveDSTest;
			productReference = 12772EDE222AF14A004CA8AD /* AutomotiveDSTest.app */;
			productType = "com.apple.product-type.application";
		};
/* End PBXNativeTarget section */

/* Begin PBXProject section */
		12772ED6222AF14A004CA8AD /* Project object */ = {
			isa = PBXProject;
			attributes = {
				LastSwiftUpdateCheck = 1010;
				LastUpgradeCheck = 1010;
				ORGANIZATIONNAME = "Juan Armario Munoz";
				TargetAttributes = {
					12772EDD222AF14A004CA8AD = {
						CreatedOnToolsVersion = 10.1;
					};
				};
			};
			buildConfigurationList = 12772ED9222AF14A004CA8AD /* Build configuration list for PBXProject "AutomotiveDSTest" */;
			compatibilityVersion = "Xcode 9.3";
			developmentRegion = en;
			hasScannedForEncodings = 0;
			knownRegions = (
				en,
				Base,
			);
			mainGroup = 12772ED5222AF14A004CA8AD;
			productRefGroup = 12772EDF222AF14A004CA8AD /* Products */;
			projectDirPath = "";
			projectRoot = "";
			targets = (
				12772EDD222AF14A004CA8AD /* AutomotiveDSTest */,
			);
		};
/* End PBXProject section */

/* Begin PBXResourcesBuildPhase section */
		12772EDC222AF14A004CA8AD /* Resources */ = {
			isa = PBXResourcesBuildPhase;
			buildActionMask = 2147483647;
			files = (
				12772EEC222AF14B004CA8AD /* LaunchScreen.storyboard in Resources */,
				12772F0A222C3F1A004CA8AD /* PopUpView.xib in Resources */,
				12772EE9222AF14B004CA8AD /* Assets.xcassets in Resources */,
				12772EE7222AF14A004CA8AD /* Main.storyboard in Resources */,
			);
			runOnlyForDeploymentPostprocessing = 0;
		};
/* End PBXResourcesBuildPhase section */

/* Begin PBXSourcesBuildPhase section */
		12772EDA222AF14A004CA8AD /* Sources */ = {
			isa = PBXSourcesBuildPhase;
			buildActionMask = 2147483647;
			files = (
				12772EE4222AF14A004CA8AD /* MainViewController.swift in Sources */,
				12772EF8222B0E79004CA8AD /* SideMenu.swift in Sources */,
				12772EE2222AF14A004CA8AD /* AppDelegate.swift in Sources */,
				12772F0C222C4AF3004CA8AD /* UIView.swift in Sources */,
				12772F08222C3F07004CA8AD /* PopUpView.swift in Sources */,
				12772EF6222B08C0004CA8AD /* MenuViewController.swift in Sources */,
				12772EFA222C1685004CA8AD /* UIButton.swift in Sources */,
			);
			runOnlyForDeploymentPostprocessing = 0;
		};
/* End PBXSourcesBuildPhase section */

/* Begin PBXVariantGroup section */
		12772EE5222AF14A004CA8AD /* Main.storyboard */ = {
			isa = PBXVariantGroup;
			children = (
				12772EE6222AF14A004CA8AD /* Base */,
			);
			name = Main.storyboard;
			sourceTree = "<group>";
		};
		12772EEA222AF14B004CA8AD /* LaunchScreen.storyboard */ = {
			isa = PBXVariantGroup;
			children = (
				12772EEB222AF14B004CA8AD /* Base */,
			);
			name = LaunchScreen.storyboard;
			sourceTree = "<group>";
		};
/* End PBXVariantGroup section */

/* Begin XCBuildConfiguration section */
		12772EEE222AF14B004CA8AD /* Debug */ = {
			isa = XCBuildConfiguration;
			buildSettings = {
				ALWAYS_SEARCH_USER_PATHS = NO;
				CLANG_ANALYZER_NONNULL = YES;
				CLANG_ANALYZER_NUMBER_OBJECT_CONVERSION = YES_AGGRESSIVE;
				CLANG_CXX_LANGUAGE_STANDARD = "gnu++14";
				CLANG_CXX_LIBRARY = "libc++";
				CLANG_ENABLE_MODULES = YES;
				CLANG_ENABLE_OBJC_ARC = YES;
				CLANG_ENABLE_OBJC_WEAK = YES;
				CLANG_WARN_BLOCK_CAPTURE_AUTORELEASING = YES;
				CLANG_WARN_BOOL_CONVERSION = YES;
				CLANG_WARN_COMMA = YES;
				CLANG_WARN_CONSTANT_CONVERSION = YES;
				CLANG_WARN_DEPRECATED_OBJC_IMPLEMENTATIONS = YES;
				CLANG_WARN_DIRECT_OBJC_ISA_USAGE = YES_ERROR;
				CLANG_WARN_DOCUMENTATION_COMMENTS = YES;
				CLANG_WARN_EMPTY_BODY = YES;
				CLANG_WARN_ENUM_CONVERSION = YES;
				CLANG_WARN_INFINITE_RECURSION = YES;
				CLANG_WARN_INT_CONVERSION = YES;
				CLANG_WARN_NON_LITERAL_NULL_CONVERSION = YES;
				CLANG_WARN_OBJC_IMPLICIT_RETAIN_SELF = YES;
				CLANG_WARN_OBJC_LITERAL_CONVERSION = YES;
				CLANG_WARN_OBJC_ROOT_CLASS = YES_ERROR;
				CLANG_WARN_RANGE_LOOP_ANALYSIS = YES;
				CLANG_WARN_STRICT_PROTOTYPES = YES;
				CLANG_WARN_SUSPICIOUS_MOVE = YES;
				CLANG_WARN_UNGUARDED_AVAILABILITY = YES_AGGRESSIVE;
				CLANG_WARN_UNREACHABLE_CODE = YES;
				CLANG_WARN__DUPLICATE_METHOD_MATCH = YES;
				CODE_SIGN_IDENTITY = "iPhone Developer";
				COPY_PHASE_STRIP = NO;
				DEBUG_INFORMATION_FORMAT = dwarf;
				ENABLE_STRICT_OBJC_MSGSEND = YES;
				ENABLE_TESTABILITY = YES;
				GCC_C_LANGUAGE_STANDARD = gnu11;
				GCC_DYNAMIC_NO_PIC = NO;
				GCC_NO_COMMON_BLOCKS = YES;
				GCC_OPTIMIZATION_LEVEL = 0;
				GCC_PREPROCESSOR_DEFINITIONS = (
					"DEBUG=1",
					"$(inherited)",
				);
				GCC_WARN_64_TO_32_BIT_CONVERSION = YES;
				GCC_WARN_ABOUT_RETURN_TYPE = YES_ERROR;
				GCC_WARN_UNDECLARED_SELECTOR = YES;
				GCC_WARN_UNINITIALIZED_AUTOS = YES_AGGRESSIVE;
				GCC_WARN_UNUSED_FUNCTION = YES;
				GCC_WARN_UNUSED_VARIABLE = YES;
				IPHONEOS_DEPLOYMENT_TARGET = 12.1;
				MTL_ENABLE_DEBUG_INFO = INCLUDE_SOURCE;
				MTL_FAST_MATH = YES;
				ONLY_ACTIVE_ARCH = YES;
				SDKROOT = iphoneos;
				SWIFT_ACTIVE_COMPILATION_CONDITIONS = DEBUG;
				SWIFT_OPTIMIZATION_LEVEL = "-Onone";
			};
			name = Debug;
		};
		12772EEF222AF14B004CA8AD /* Release */ = {
			isa = XCBuildConfiguration;
			buildSettings = {
				ALWAYS_SEARCH_USER_PATHS = NO;
				CLANG_ANALYZER_NONNULL = YES;
				CLANG_ANALYZER_NUMBER_OBJECT_CONVERSION = YES_AGGRESSIVE;
				CLANG_CXX_LANGUAGE_STANDARD = "gnu++14";
				CLANG_CXX_LIBRARY = "libc++";
				CLANG_ENABLE_MODULES = YES;
				CLANG_ENABLE_OBJC_ARC = YES;
				CLANG_ENABLE_OBJC_WEAK = YES;
				CLANG_WARN_BLOCK_CAPTURE_AUTORELEASING = YES;
				CLANG_WARN_BOOL_CONVERSION = YES;
				CLANG_WARN_COMMA = YES;
				CLANG_WARN_CONSTANT_CONVERSION = YES;
				CLANG_WARN_DEPRECATED_OBJC_IMPLEMENTATIONS = YES;
				CLANG_WARN_DIRECT_OBJC_ISA_USAGE = YES_ERROR;
				CLANG_WARN_DOCUMENTATION_COMMENTS = YES;
				CLANG_WARN_EMPTY_BODY = YES;
				CLANG_WARN_ENUM_CONVERSION = YES;
				CLANG_WARN_INFINITE_RECURSION = YES;
				CLANG_WARN_INT_CONVERSION = YES;
				CLANG_WARN_NON_LITERAL_NULL_CONVERSION = YES;
				CLANG_WARN_OBJC_IMPLICIT_RETAIN_SELF = YES;
				CLANG_WARN_OBJC_LITERAL_CONVERSION = YES;
				CLANG_WARN_OBJC_ROOT_CLASS = YES_ERROR;
				CLANG_WARN_RANGE_LOOP_ANALYSIS = YES;
				CLANG_WARN_STRICT_PROTOTYPES = YES;
				CLANG_WARN_SUSPICIOUS_MOVE = YES;
				CLANG_WARN_UNGUARDED_AVAILABILITY = YES_AGGRESSIVE;
				CLANG_WARN_UNREACHABLE_CODE = YES;
				CLANG_WARN__DUPLICATE_METHOD_MATCH = YES;
				CODE_SIGN_IDENTITY = "iPhone Developer";
				COPY_PHASE_STRIP = NO;
				DEBUG_INFORMATION_FORMAT = "dwarf-with-dsym";
				ENABLE_NS_ASSERTIONS = NO;
				ENABLE_STRICT_OBJC_MSGSEND = YES;
				GCC_C_LANGUAGE_STANDARD = gnu11;
				GCC_NO_COMMON_BLOCKS = YES;
				GCC_WARN_64_TO_32_BIT_CONVERSION = YES;
				GCC_WARN_ABOUT_RETURN_TYPE = YES_ERROR;
				GCC_WARN_UNDECLARED_SELECTOR = YES;
				GCC_WARN_UNINITIALIZED_AUTOS = YES_AGGRESSIVE;
				GCC_WARN_UNUSED_FUNCTION = YES;
				GCC_WARN_UNUSED_VARIABLE = YES;
				IPHONEOS_DEPLOYMENT_TARGET = 12.1;
				MTL_ENABLE_DEBUG_INFO = NO;
				MTL_FAST_MATH = YES;
				SDKROOT = iphoneos;
				SWIFT_COMPILATION_MODE = wholemodule;
				SWIFT_OPTIMIZATION_LEVEL = "-O";
				VALIDATE_PRODUCT = YES;
			};
			name = Release;
		};
		12772EF1222AF14B004CA8AD /* Debug */ = {
			isa = XCBuildConfiguration;
			buildSettings = {
				ASSETCATALOG_COMPILER_APPICON_NAME = AppIcon;
				CODE_SIGN_STYLE = Automatic;
				DEVELOPMENT_TEAM = 8KLC64ANAF;
				INFOPLIST_FILE = AutomotiveDSTest/Info.plist;
				LD_RUNPATH_SEARCH_PATHS = (
					"$(inherited)",
					"@executable_path/Frameworks",
				);
				PRODUCT_BUNDLE_IDENTIFIER = com.JAM.test.AutomotiveDSTest;
				PRODUCT_NAME = "$(TARGET_NAME)";
				SWIFT_VERSION = 4.2;
				TARGETED_DEVICE_FAMILY = 1;
			};
			name = Debug;
		};
		12772EF2222AF14B004CA8AD /* Release */ = {
			isa = XCBuildConfiguration;
			buildSettings = {
				ASSETCATALOG_COMPILER_APPICON_NAME = AppIcon;
				CODE_SIGN_STYLE = Automatic;
				DEVELOPMENT_TEAM = 8KLC64ANAF;
				INFOPLIST_FILE = AutomotiveDSTest/Info.plist;
				LD_RUNPATH_SEARCH_PATHS = (
					"$(inherited)",
					"@executable_path/Frameworks",
				);
				PRODUCT_BUNDLE_IDENTIFIER = com.JAM.test.AutomotiveDSTest;
				PRODUCT_NAME = "$(TARGET_NAME)";
				SWIFT_VERSION = 4.2;
				TARGETED_DEVICE_FAMILY = 1;
			};
			name = Release;
		};
/* End XCBuildConfiguration section */

/* Begin XCConfigurationList section */
		12772ED9222AF14A004CA8AD /* Build configuration list for PBXProject "AutomotiveDSTest" */ = {
			isa = XCConfigurationList;
			buildConfigurations = (
				12772EEE222AF14B004CA8AD /* Debug */,
				12772EEF222AF14B004CA8AD /* Release */,
			);
			defaultConfigurationIsVisible = 0;
			defaultConfigurationName = Release;
		};
		12772EF0222AF14B004CA8AD /* Build configuration list for PBXNativeTarget "AutomotiveDSTest" */ = {
			isa = XCConfigurationList;
			buildConfigurations = (
				12772EF1222AF14B004CA8AD /* Debug */,
				12772EF2222AF14B004CA8AD /* Release */,
			);
			defaultConfigurationIsVisible = 0;
			defaultConfigurationName = Release;
		};
/* End XCConfigurationList section */
	};
	rootObject = 12772ED6222AF14A004CA8AD /* Project object */;
}
